{
    "_readme": [
        "This file locks the dependencies of your project to a known state",
        "Read more about it at https://getcomposer.org/doc/01-basic-usage.md#installing-dependencies",
        "This file is @generated automatically"
    ],
    "content-hash": "234b66b6cc6fa790e54f8c26b12bfe07",
    "packages": [
        {
            "name": "raoh/notation-199x",
            "version": "v0.2.0",
            "source": {
                "type": "git",
                "url": "https://github.com/raoh-project/notation-199x-php.git",
                "reference": "aa5930891d7304443c4f364111f0a68afb47d26f"
            },
            "dist": {
                "type": "zip",
                "url": "https://api.github.com/repos/raoh-project/notation-199x-php/zipball/aa5930891d7304443c4f364111f0a68afb47d26f",
                "reference": "aa5930891d7304443c4f364111f0a68afb47d26f",
                "shasum": ""
            },
            "require": {
                "php-64bit": "^8.2"
            },
            "require-dev": {
                "phpstan/phpstan": "^2",
                "phpunit/phpunit": "^11.5"
            },
            "type": "library",
            "autoload": {
                "psr-4": {
                    "Raoh\\Notation199x\\": "src/"
                }
            },
            "notification-url": "https://packagist.org/downloads/",
            "license": [
                "Apache-2.0"
            ],
            "description": "The rules for reading text that Raoh and Souther share: Unicode 18.0.0 case conversion and normalization, White_Space, scalar values, temporal text and the pattern language, answered alike whatever Unicode version PHP was built with",
            "homepage": "https://github.com/raoh-project/notation-199x",
            "support": {
                "issues": "https://github.com/raoh-project/notation-199x/issues",
                "source": "https://github.com/raoh-project/notation-199x/tree/main/php"
            },
            "time": "2026-10-05T11:07:58+00:00"
        },
        {
            "name": "raoh/raoh",
            "version": "v0.9.0",
            "source": {
                "type": "git",
                "url": "https://github.com/raoh-project/raoh-php.git",
                "reference": "edc4e8175c02ce00d7998e690d3afb94b57f7b76"
            },
            "dist": {
                "type": "zip",
                "url": "https://api.github.com/repos/raoh-project/raoh-php/zipball/edc4e8175c02ce00d7998e690d3afb94b57f7b76",
                "reference": "edc4e8175c02ce00d7998e690d3afb94b57f7b76",
                "shasum": ""
            },
            "require": {
                "php": "^8.2",
                "raoh/notation-199x": "^0.2.0"
            },
            "require-dev": {
                "phpstan/phpstan": "^2",
                "phpunit/phpunit": "^11.0"
            },
            "type": "library",
            "extra": {
                "branch-alias": {
                    "dev-develop": "0.9.x-dev"
                }
            },
            "autoload": {
                "files": [
                    "src/Boundary/Array_/functions.php",
                    "src/Boundary/Array_/Encode/functions.php",
                    "src/Boundary/Json/functions.php",
                    "src/Boundary/Json/Encode/functions.php"
                ],
                "psr-4": {
                    "Raoh\\": "src/"
                }
            },
            "notification-url": "https://packagist.org/downloads/",
            "license": [
                "Apache-2.0"
            ],
            "authors": [
                {
                    "name": "kawasima",
                    "email": "kawasima1016@gmail.com",
                    "role": "Developer"
                }
            ],
            "description": "Parse Don't Validate — composable decoder library for PHP 8.2+",
            "homepage": "https://github.com/raoh-project/raoh-php",
            "keywords": [
                "Result-Type",
                "combinator",
                "decoder",
                "error-accumulation",
                "functional",
                "parse-dont-validate",
                "validation"
            ],
            "support": {
                "issues": "https://github.com/raoh-project/raoh-php/issues",
                "source": "https://github.com/raoh-project/raoh-php"
            },
            "time": "2026-10-05T22:10:45+00:00"
        }
    ],
    "packages-dev": [],
    "aliases": [],
    "minimum-stability": "stable",
    "stability-flags": {},
    "prefer-stable": false,
    "prefer-lowest": false,
    "platform": {
        "php": "^8.2",
        "ext-ffi": "*"
    },
    "platform-dev": {},
    "plugin-api-version": "2.9.0"
}
